
Microsoft Visual Studio Solution File, Format Version 12.00
# Visual Studio 15
VisualStudioVersion = 15.0.28010.2003
MinimumVisualStudioVersion = 10.0.40219.1
Project("{FAE04EC0-301F-11D3-BF4B-00C04F79EFBC}") = "PsMvc", "PsMvc\PsMvc.csproj", "{916CAC67-E9F6-45BD-8823-62F663B256E2}"
EndProject
Project("{FAE04EC0-301F-11D3-BF4B-00C04F79EFBC}") = "PsMvc.Tests", "PsMvc.Tests\PsMvc.Tests.csproj", "{B9315188-3E7D-48C9-A39D-4871400C9B88}"
EndProject
Global
	GlobalSection(SolutionConfigurationPlatforms) = preSolution
		Debug|Any CPU = Debug|Any CPU
		Release|Any CPU = Release|Any CPU
	EndGlobalSection
	GlobalSection(ProjectConfigurationPlatforms) = postSolution
		{916CAC67-E9F6-45BD-8823-62F663B256E2}.Debug|Any CPU.ActiveCfg = Debug|Any CPU
		{916CAC67-E9F6-45BD-8823-62F663B256E2}.Debug|Any CPU.Build.0 = Debug|Any CPU
		{916CAC67-E9F6-45BD-8823-62F663B256E2}.Release|Any CPU.ActiveCfg = Release|Any CPU
		{916CAC67-E9F6-45BD-8823-62F663B256E2}.Release|Any CPU.Build.0 = Release|Any CPU
		{B9315188-3E7D-48C9-A39D-4871400C9B88}.Debug|Any CPU.ActiveCfg = Debug|Any CPU
		{B9315188-3E7D-48C9-A39D-4871400C9B88}.Debug|Any CPU.Build.0 = Debug|Any CPU
		{B9315188-3E7D-48C9-A39D-4871400C9B88}.Release|Any CPU.ActiveCfg = Release|Any CPU
		{B9315188-3E7D-48C9-A39D-4871400C9B88}.Release|Any CPU.Build.0 = Release|Any CPU
	EndGlobalSection
	GlobalSection(SolutionProperties) = preSolution
		HideSolutionNode = FALSE
	EndGlobalSection
	GlobalSection(ExtensibilityGlobals) = postSolution
		SolutionGuid = {1DBC895B-7001-4B89-9F93-5DB80661FDB7}
	EndGlobalSection
EndGlobal
