
Microsoft Visual Studio Solution File, Format Version 12.00
# Visual Studio 15
VisualStudioVersion = 15.0.28010.2003
MinimumVisualStudioVersion = 10.0.40219.1
Project("{FAE04EC0-301F-11D3-BF4B-00C04F79EFBC}") = "PsMvc", "PsMvc\PsMvc.csproj", "{E824D1BF-9226-4E9E-A8AA-A80DD67579B8}"
EndProject
Project("{FAE04EC0-301F-11D3-BF4B-00C04F79EFBC}") = "PsMvc.Tests", "PsMvc.Tests\PsMvc.Tests.csproj", "{8F101D95-9CC0-4198-BC31-331FD7C3E0AB}"
EndProject
Global
	GlobalSection(SolutionConfigurationPlatforms) = preSolution
		Debug|Any CPU = Debug|Any CPU
		Release|Any CPU = Release|Any CPU
	EndGlobalSection
	GlobalSection(ProjectConfigurationPlatforms) = postSolution
		{E824D1BF-9226-4E9E-A8AA-A80DD67579B8}.Debug|Any CPU.ActiveCfg = Debug|Any CPU
		{E824D1BF-9226-4E9E-A8AA-A80DD67579B8}.Debug|Any CPU.Build.0 = Debug|Any CPU
		{E824D1BF-9226-4E9E-A8AA-A80DD67579B8}.Release|Any CPU.ActiveCfg = Release|Any CPU
		{E824D1BF-9226-4E9E-A8AA-A80DD67579B8}.Release|Any CPU.Build.0 = Release|Any CPU
		{8F101D95-9CC0-4198-BC31-331FD7C3E0AB}.Debug|Any CPU.ActiveCfg = Debug|Any CPU
		{8F101D95-9CC0-4198-BC31-331FD7C3E0AB}.Debug|Any CPU.Build.0 = Debug|Any CPU
		{8F101D95-9CC0-4198-BC31-331FD7C3E0AB}.Release|Any CPU.ActiveCfg = Release|Any CPU
		{8F101D95-9CC0-4198-BC31-331FD7C3E0AB}.Release|Any CPU.Build.0 = Release|Any CPU
	EndGlobalSection
	GlobalSection(SolutionProperties) = preSolution
		HideSolutionNode = FALSE
	EndGlobalSection
	GlobalSection(ExtensibilityGlobals) = postSolution
		SolutionGuid = {7D13DF3C-D237-478D-AA77-8CF1DCEDCA81}
	EndGlobalSection
EndGlobal
